{
  "requires": true,
  "lockfileVersion": 1,
  "dependencies": {
    "@lcu-ide/common": {
      "version": "0.21.9",
      "resolved": "https://registry.npmjs.org/@lcu-ide/common/-/common-0.21.9.tgz",
      "integrity": "sha512-IvoTtwY96QU194O/n42i229RVDBglwFBqp/S63jTBlNxymunG5kaV2FIt3N40PcebwbrTpG1fVpXVHQnzev9qA==",
      "requires": {
        "tslib": "^1.9.0"
      }
    },
    "tslib": {
      "version": "1.10.0",
      "resolved": "https://registry.npmjs.org/tslib/-/tslib-1.10.0.tgz",
      "integrity": "sha512-qOebF53frne81cf0S9B41ByenJ3/IuH8yJKngAX35CmiZySA0khhkovshKK+jGCaMnVomla7gVlIcc3EvKPbTQ=="
    }
  }
}
